// !$*UTF8*$!
{
	archiveVersion = 1;
	classes = {
	};
	objectVersion = 51;
	objects = {

/* Begin PBXBuildFile section */
		8CA101E724DC8BF6F59D82D0 /* Pods_KodeTest.framework in Frameworks */ = {isa = PBXBuildFile; fileRef = 53D54218B195606EE4B1A35E /* Pods_KodeTest.framework */; };
		EE538BF7253B247B009E534B /* WeatherCollectionViewCell.swift in Sources */ = {isa = PBXBuildFile; fileRef = EE538BF5253B247B009E534B /* WeatherCollectionViewCell.swift */; };
		EE538BF8253B247B009E534B /* WeatherCollectionViewCell.xib in Resources */ = {isa = PBXBuildFile; fileRef = EE538BF6253B247B009E534B /* WeatherCollectionViewCell.xib */; };
		EE538BFB253B2916009E534B /* Extension + Date.swift in Sources */ = {isa = PBXBuildFile; fileRef = EE538BFA253B2916009E534B /* Extension + Date.swift */; };
		EE538BFE253B2B21009E534B /* WeatherCollectionFooter.swift in Sources */ = {isa = PBXBuildFile; fileRef = EE538BFD253B2B21009E534B /* WeatherCollectionFooter.swift */; };
		EE538C01253B5049009E534B /* DateManager.swift in Sources */ = {isa = PBXBuildFile; fileRef = EE538C00253B5049009E534B /* DateManager.swift */; };
		EE538C03253B6FA1009E534B /* WeatherCellViewModel.swift in Sources */ = {isa = PBXBuildFile; fileRef = EE538C02253B6FA1009E534B /* WeatherCellViewModel.swift */; };
		EE538C07253D62FE009E534B /* AttrectionViewCell.swift in Sources */ = {isa = PBXBuildFile; fileRef = EE538C05253D62FE009E534B /* AttrectionViewCell.swift */; };
		EE538C08253D62FE009E534B /* AttrectionViewCellIB.xib in Resources */ = {isa = PBXBuildFile; fileRef = EE538C06253D62FE009E534B /* AttrectionViewCellIB.xib */; };
		EE538C0B253D68F5009E534B /* StorageManager.swift in Sources */ = {isa = PBXBuildFile; fileRef = EE538C0A253D68F5009E534B /* StorageManager.swift */; };
		EE538C0F253D6C30009E534B /* CityAttraction.xcdatamodeld in Sources */ = {isa = PBXBuildFile; fileRef = EE538C0D253D6C30009E534B /* CityAttraction.xcdatamodeld */; };
		EE538C13253D971C009E534B /* Attractive.swift in Sources */ = {isa = PBXBuildFile; fileRef = EE538C12253D971C009E534B /* Attractive.swift */; };
		EE538C17253E24A5009E534B /* AttractionsListViewController.swift in Sources */ = {isa = PBXBuildFile; fileRef = EE538C16253E24A5009E534B /* AttractionsListViewController.swift */; };
		EE538C1A253E24D7009E534B /* ShowAttractivesViewModel.swift in Sources */ = {isa = PBXBuildFile; fileRef = EE538C19253E24D7009E534B /* ShowAttractivesViewModel.swift */; };
		EE538C1C253E2B5F009E534B /* AttrectionCellViewModel.swift in Sources */ = {isa = PBXBuildFile; fileRef = EE538C1B253E2B5F009E534B /* AttrectionCellViewModel.swift */; };
		EE538C1E253E2FAA009E534B /* ImageService.swift in Sources */ = {isa = PBXBuildFile; fileRef = EE538C1D253E2FAA009E534B /* ImageService.swift */; };
		EE538C20253E2FF2009E534B /* Extension + UIImageView.swift in Sources */ = {isa = PBXBuildFile; fileRef = EE538C1F253E2FF2009E534B /* Extension + UIImageView.swift */; };
		EE538C22253F3C43009E534B /* GradientView.swift in Sources */ = {isa = PBXBuildFile; fileRef = EE538C21253F3C43009E534B /* GradientView.swift */; };
		EE538C25253F6A35009E534B /* ShowAttractionViewController.swift in Sources */ = {isa = PBXBuildFile; fileRef = EE538C24253F6A35009E534B /* ShowAttractionViewController.swift */; };
		EE538C28253F714A009E534B /* Extension + UIButton.swift in Sources */ = {isa = PBXBuildFile; fileRef = EE538C27253F714A009E534B /* Extension + UIButton.swift */; };
		EE538C2A253F71C1009E534B /* Extension + UILabel.swift in Sources */ = {isa = PBXBuildFile; fileRef = EE538C29253F71C1009E534B /* Extension + UILabel.swift */; };
		EE538C2C25401D41009E534B /* ShowAttractionViewModel.swift in Sources */ = {isa = PBXBuildFile; fileRef = EE538C2B25401D41009E534B /* ShowAttractionViewModel.swift */; };
		EE538C302540B78E009E534B /* AttractionInMapViewController.swift in Sources */ = {isa = PBXBuildFile; fileRef = EE538C2F2540B78E009E534B /* AttractionInMapViewController.swift */; };
		EE538C322540C3E4009E534B /* ShowDescriptionViewController.swift in Sources */ = {isa = PBXBuildFile; fileRef = EE538C312540C3E4009E534B /* ShowDescriptionViewController.swift */; };
		EE538C342540C88F009E534B /* Extension + UIViewController.swift in Sources */ = {isa = PBXBuildFile; fileRef = EE538C332540C88F009E534B /* Extension + UIViewController.swift */; };
		EE538C362541637F009E534B /* AttractiveForSave.swift in Sources */ = {isa = PBXBuildFile; fileRef = EE538C352541637F009E534B /* AttractiveForSave.swift */; };
		EE7271ED2538D77300656AF3 /* AppDelegate.swift in Sources */ = {isa = PBXBuildFile; fileRef = EE7271EC2538D77300656AF3 /* AppDelegate.swift */; };
		EE7271EF2538D77300656AF3 /* SceneDelegate.swift in Sources */ = {isa = PBXBuildFile; fileRef = EE7271EE2538D77300656AF3 /* SceneDelegate.swift */; };
		EE7271F12538D77300656AF3 /* ViewController.swift in Sources */ = {isa = PBXBuildFile; fileRef = EE7271F02538D77300656AF3 /* ViewController.swift */; };
		EE7271F42538D77300656AF3 /* Main.storyboard in Resources */ = {isa = PBXBuildFile; fileRef = EE7271F22538D77300656AF3 /* Main.storyboard */; };
		EE7271F62538D77500656AF3 /* Assets.xcassets in Resources */ = {isa = PBXBuildFile; fileRef = EE7271F52538D77500656AF3 /* Assets.xcassets */; };
		EE7271F92538D77500656AF3 /* LaunchScreen.storyboard in Resources */ = {isa = PBXBuildFile; fileRef = EE7271F72538D77500656AF3 /* LaunchScreen.storyboard */; };
		EE7272022538ED1400656AF3 /* SearchViewModel.swift in Sources */ = {isa = PBXBuildFile; fileRef = EE7272012538ED1400656AF3 /* SearchViewModel.swift */; };
		EE7272042538EE4500656AF3 /* NetworkService.swift in Sources */ = {isa = PBXBuildFile; fileRef = EE7272032538EE4400656AF3 /* NetworkService.swift */; };
		EE7272072538F5FC00656AF3 /* NetworkDataFetcher.swift in Sources */ = {isa = PBXBuildFile; fileRef = EE7272062538F5FC00656AF3 /* NetworkDataFetcher.swift */; };
		EE7272092538F6BC00656AF3 /* Predictions.swift in Sources */ = {isa = PBXBuildFile; fileRef = EE7272082538F6BC00656AF3 /* Predictions.swift */; };
		EE72720B25396DFE00656AF3 /* Extension + String.swift in Sources */ = {isa = PBXBuildFile; fileRef = EE72720A25396DFE00656AF3 /* Extension + String.swift */; };
		EE72720D2539A80900656AF3 /* Boxing.swift in Sources */ = {isa = PBXBuildFile; fileRef = EE72720C2539A80900656AF3 /* Boxing.swift */; };
		EE72720F2539B39E00656AF3 /* SearchFeatherFooter.swift in Sources */ = {isa = PBXBuildFile; fileRef = EE72720E2539B39E00656AF3 /* SearchFeatherFooter.swift */; };
		EE7272112539BD2800656AF3 /* SearchCityCell.swift in Sources */ = {isa = PBXBuildFile; fileRef = EE7272102539BD2800656AF3 /* SearchCityCell.swift */; };
		EE7272132539C54600656AF3 /* DataManager.swift in Sources */ = {isa = PBXBuildFile; fileRef = EE7272122539C54600656AF3 /* DataManager.swift */; };
		EE7272162539D98900656AF3 /* CityCoordinates.swift in Sources */ = {isa = PBXBuildFile; fileRef = EE7272152539D98900656AF3 /* CityCoordinates.swift */; };
		EE7272182539F40000656AF3 /* Enums.swift in Sources */ = {isa = PBXBuildFile; fileRef = EE7272172539F40000656AF3 /* Enums.swift */; };
		EE72721B2539F51300656AF3 /* ShowWeatherInCityViewController.swift in Sources */ = {isa = PBXBuildFile; fileRef = EE72721A2539F51300656AF3 /* ShowWeatherInCityViewController.swift */; };
		EE72721E2539F5C000656AF3 /* ShowWeatherInCityViewModel.swift in Sources */ = {isa = PBXBuildFile; fileRef = EE72721D2539F5C000656AF3 /* ShowWeatherInCityViewModel.swift */; };
		EE727220253A04DF00656AF3 /* MapLocation.swift in Sources */ = {isa = PBXBuildFile; fileRef = EE72721F253A04DF00656AF3 /* MapLocation.swift */; };
		EE727222253A213800656AF3 /* WeatherModel.swift in Sources */ = {isa = PBXBuildFile; fileRef = EE727221253A213800656AF3 /* WeatherModel.swift */; };
/* End PBXBuildFile section */

/* Begin PBXFileReference section */
		53D54218B195606EE4B1A35E /* Pods_KodeTest.framework */ = {isa = PBXFileReference; explicitFileType = wrapper.framework; includeInIndex = 0; path = Pods_KodeTest.framework; sourceTree = BUILT_PRODUCTS_DIR; };
		9C7603235ED2F0B01C1EC17D /* Pods-KodeTest.release.xcconfig */ = {isa = PBXFileReference; includeInIndex = 1; lastKnownFileType = text.xcconfig; name = "Pods-KodeTest.release.xcconfig"; path = "Target Support Files/Pods-KodeTest/Pods-KodeTest.release.xcconfig"; sourceTree = "<group>"; };
		E72A9DD45A28160C41FF41A1 /* Pods-KodeTest.debug.xcconfig */ = {isa = PBXFileReference; includeInIndex = 1; lastKnownFileType = text.xcconfig; name = "Pods-KodeTest.debug.xcconfig"; path = "Target Support Files/Pods-KodeTest/Pods-KodeTest.debug.xcconfig"; sourceTree = "<group>"; };
		EE538BF5253B247B009E534B /* WeatherCollectionViewCell.swift */ = {isa = PBXFileReference; lastKnownFileType = sourcecode.swift; path = WeatherCollectionViewCell.swift; sourceTree = "<group>"; };
		EE538BF6253B247B009E534B /* WeatherCollectionViewCell.xib */ = {isa = PBXFileReference; lastKnownFileType = file.xib; path = WeatherCollectionViewCell.xib; sourceTree = "<group>"; };
		EE538BFA253B2916009E534B /* Extension + Date.swift */ = {isa = PBXFileReference; lastKnownFileType = sourcecode.swift; path = "Extension + Date.swift"; sourceTree = "<group>"; };
		EE538BFD253B2B21009E534B /* WeatherCollectionFooter.swift */ = {isa = PBXFileReference; lastKnownFileType = sourcecode.swift; path = WeatherCollectionFooter.swift; sourceTree = "<group>"; };
		EE538C00253B5049009E534B /* DateManager.swift */ = {isa = PBXFileReference; lastKnownFileType = sourcecode.swift; path = DateManager.swift; sourceTree = "<group>"; };
		EE538C02253B6FA1009E534B /* WeatherCellViewModel.swift */ = {isa = PBXFileReference; lastKnownFileType = sourcecode.swift; path = WeatherCellViewModel.swift; sourceTree = "<group>"; };
		EE538C05253D62FE009E534B /* AttrectionViewCell.swift */ = {isa = PBXFileReference; lastKnownFileType = sourcecode.swift; path = AttrectionViewCell.swift; sourceTree = "<group>"; };
		EE538C06253D62FE009E534B /* AttrectionViewCellIB.xib */ = {isa = PBXFileReference; lastKnownFileType = file.xib; path = AttrectionViewCellIB.xib; sourceTree = "<group>"; };
		EE538C0A253D68F5009E534B /* StorageManager.swift */ = {isa = PBXFileReference; lastKnownFileType = sourcecode.swift; path = StorageManager.swift; sourceTree = "<group>"; };
		EE538C0E253D6C30009E534B /* CityAttraction.xcdatamodel */ = {isa = PBXFileReference; lastKnownFileType = wrapper.xcdatamodel; path = CityAttraction.xcdatamodel; sourceTree = "<group>"; };
		EE538C12253D971C009E534B /* Attractive.swift */ = {isa = PBXFileReference; lastKnownFileType = sourcecode.swift; path = Attractive.swift; sourceTree = "<group>"; };
		EE538C14253E20C5009E534B /* CityAttraction 2.xcdatamodel */ = {isa = PBXFileReference; lastKnownFileType = wrapper.xcdatamodel; path = "CityAttraction 2.xcdatamodel"; sourceTree = "<group>"; };
		EE538C15253E2213009E534B /* CityAttraction 3.xcdatamodel */ = {isa = PBXFileReference; lastKnownFileType = wrapper.xcdatamodel; path = "CityAttraction 3.xcdatamodel"; sourceTree = "<group>"; };
		EE538C16253E24A5009E534B /* AttractionsListViewController.swift */ = {isa = PBXFileReference; lastKnownFileType = sourcecode.swift; path = AttractionsListViewController.swift; sourceTree = "<group>"; };
		EE538C19253E24D7009E534B /* ShowAttractivesViewModel.swift */ = {isa = PBXFileReference; lastKnownFileType = sourcecode.swift; path = ShowAttractivesViewModel.swift; sourceTree = "<group>"; };
		EE538C1B253E2B5F009E534B /* AttrectionCellViewModel.swift */ = {isa = PBXFileReference; lastKnownFileType = sourcecode.swift; path = AttrectionCellViewModel.swift; sourceTree = "<group>"; };
		EE538C1D253E2FAA009E534B /* ImageService.swift */ = {isa = PBXFileReference; lastKnownFileType = sourcecode.swift; path = ImageService.swift; sourceTree = "<group>"; };
		EE538C1F253E2FF2009E534B /* Extension + UIImageView.swift */ = {isa = PBXFileReference; lastKnownFileType = sourcecode.swift; path = "Extension + UIImageView.swift"; sourceTree = "<group>"; };
		EE538C21253F3C43009E534B /* GradientView.swift */ = {isa = PBXFileReference; lastKnownFileType = sourcecode.swift; path = GradientView.swift; sourceTree = "<group>"; };
		EE538C24253F6A35009E534B /* ShowAttractionViewController.swift */ = {isa = PBXFileReference; lastKnownFileType = sourcecode.swift; path = ShowAttractionViewController.swift; sourceTree = "<group>"; };
		EE538C27253F714A009E534B /* Extension + UIButton.swift */ = {isa = PBXFileReference; lastKnownFileType = sourcecode.swift; path = "Extension + UIButton.swift"; sourceTree = "<group>"; };
		EE538C29253F71C1009E534B /* Extension + UILabel.swift */ = {isa = PBXFileReference; lastKnownFileType = sourcecode.swift; path = "Extension + UILabel.swift"; sourceTree = "<group>"; };
		EE538C2B25401D41009E534B /* ShowAttractionViewModel.swift */ = {isa = PBXFileReference; lastKnownFileType = sourcecode.swift; path = ShowAttractionViewModel.swift; sourceTree = "<group>"; };
		EE538C2F2540B78E009E534B /* AttractionInMapViewController.swift */ = {isa = PBXFileReference; lastKnownFileType = sourcecode.swift; path = AttractionInMapViewController.swift; sourceTree = "<group>"; };
		EE538C312540C3E4009E534B /* ShowDescriptionViewController.swift */ = {isa = PBXFileReference; lastKnownFileType = sourcecode.swift; path = ShowDescriptionViewController.swift; sourceTree = "<group>"; };
		EE538C332540C88F009E534B /* Extension + UIViewController.swift */ = {isa = PBXFileReference; lastKnownFileType = sourcecode.swift; path = "Extension + UIViewController.swift"; sourceTree = "<group>"; };
		EE538C352541637F009E534B /* AttractiveForSave.swift */ = {isa = PBXFileReference; lastKnownFileType = sourcecode.swift; path = AttractiveForSave.swift; sourceTree = "<group>"; };
		EE7176F22542E2E700C40090 /* CityAttraction 4.xcdatamodel */ = {isa = PBXFileReference; lastKnownFileType = wrapper.xcdatamodel; path = "CityAttraction 4.xcdatamodel"; sourceTree = "<group>"; };
		EE7176F32542E5AF00C40090 /* CityAttraction 5.xcdatamodel */ = {isa = PBXFileReference; lastKnownFileType = wrapper.xcdatamodel; path = "CityAttraction 5.xcdatamodel"; sourceTree = "<group>"; };
		EE7271E92538D77300656AF3 /* KodeTest.app */ = {isa = PBXFileReference; explicitFileType = wrapper.application; includeInIndex = 0; path = KodeTest.app; sourceTree = BUILT_PRODUCTS_DIR; };
		EE7271EC2538D77300656AF3 /* AppDelegate.swift */ = {isa = PBXFileReference; lastKnownFileType = sourcecode.swift; path = AppDelegate.swift; sourceTree = "<group>"; };
		EE7271EE2538D77300656AF3 /* SceneDelegate.swift */ = {isa = PBXFileReference; lastKnownFileType = sourcecode.swift; path = SceneDelegate.swift; sourceTree = "<group>"; };
		EE7271F02538D77300656AF3 /* ViewController.swift */ = {isa = PBXFileReference; lastKnownFileType = sourcecode.swift; path = ViewController.swift; sourceTree = "<group>"; };
		EE7271F32538D77300656AF3 /* Base */ = {isa = PBXFileReference; lastKnownFileType = file.storyboard; name = Base; path = Base.lproj/Main.storyboard; sourceTree = "<group>"; };
		EE7271F52538D77500656AF3 /* Assets.xcassets */ = {isa = PBXFileReference; lastKnownFileType = folder.assetcatalog; path = Assets.xcassets; sourceTree = "<group>"; };
		EE7271F82538D77500656AF3 /* Base */ = {isa = PBXFileReference; lastKnownFileType = file.storyboard; name = Base; path = Base.lproj/LaunchScreen.storyboard; sourceTree = "<group>"; };
		EE7271FA2538D77500656AF3 /* Info.plist */ = {isa = PBXFileReference; lastKnownFileType = text.plist.xml; path = Info.plist; sourceTree = "<group>"; };
		EE7272012538ED1400656AF3 /* SearchViewModel.swift */ = {isa = PBXFileReference; lastKnownFileType = sourcecode.swift; path = SearchViewModel.swift; sourceTree = "<group>"; };
		EE7272032538EE4400656AF3 /* NetworkService.swift */ = {isa = PBXFileReference; lastKnownFileType = sourcecode.swift; path = NetworkService.swift; sourceTree = "<group>"; };
		EE7272062538F5FC00656AF3 /* NetworkDataFetcher.swift */ = {isa = PBXFileReference; lastKnownFileType = sourcecode.swift; path = NetworkDataFetcher.swift; sourceTree = "<group>"; };
		EE7272082538F6BC00656AF3 /* Predictions.swift */ = {isa = PBXFileReference; lastKnownFileType = sourcecode.swift; path = Predictions.swift; sourceTree = "<group>"; };
		EE72720A25396DFE00656AF3 /* Extension + String.swift */ = {isa = PBXFileReference; lastKnownFileType = sourcecode.swift; path = "Extension + String.swift"; sourceTree = "<group>"; };
		EE72720C2539A80900656AF3 /* Boxing.swift */ = {isa = PBXFileReference; lastKnownFileType = sourcecode.swift; path = Boxing.swift; sourceTree = "<group>"; };
		EE72720E2539B39E00656AF3 /* SearchFeatherFooter.swift */ = {isa = PBXFileReference; lastKnownFileType = sourcecode.swift; path = SearchFeatherFooter.swift; sourceTree = "<group>"; };
		EE7272102539BD2800656AF3 /* SearchCityCell.swift */ = {isa = PBXFileReference; lastKnownFileType = sourcecode.swift; path = SearchCityCell.swift; sourceTree = "<group>"; };
		EE7272122539C54600656AF3 /* DataManager.swift */ = {isa = PBXFileReference; lastKnownFileType = sourcecode.swift; path = DataManager.swift; sourceTree = "<group>"; };
		EE7272152539D98900656AF3 /* CityCoordinates.swift */ = {isa = PBXFileReference; lastKnownFileType = sourcecode.swift; path = CityCoordinates.swift; sourceTree = "<group>"; };
		EE7272172539F40000656AF3 /* Enums.swift */ = {isa = PBXFileReference; lastKnownFileType = sourcecode.swift; path = Enums.swift; sourceTree = "<group>"; };
		EE72721A2539F51300656AF3 /* ShowWeatherInCityViewController.swift */ = {isa = PBXFileReference; lastKnownFileType = sourcecode.swift; path = ShowWeatherInCityViewController.swift; sourceTree = "<group>"; };
		EE72721D2539F5C000656AF3 /* ShowWeatherInCityViewModel.swift */ = {isa = PBXFileReference; lastKnownFileType = sourcecode.swift; path = ShowWeatherInCityViewModel.swift; sourceTree = "<group>"; };
		EE72721F253A04DF00656AF3 /* MapLocation.swift */ = {isa = PBXFileReference; lastKnownFileType = sourcecode.swift; path = MapLocation.swift; sourceTree = "<group>"; };
		EE727221253A213800656AF3 /* WeatherModel.swift */ = {isa = PBXFileReference; lastKnownFileType = sourcecode.swift; path = WeatherModel.swift; sourceTree = "<group>"; };
/* End PBXFileReference section */

/* Begin PBXFrameworksBuildPhase section */
		EE7271E62538D77300656AF3 /* Frameworks */ = {
			isa = PBXFrameworksBuildPhase;
			buildActionMask = 2147483647;
			files = (
				8CA101E724DC8BF6F59D82D0 /* Pods_KodeTest.framework in Frameworks */,
			);
			runOnlyForDeploymentPostprocessing = 0;
		};
/* End PBXFrameworksBuildPhase section */

/* Begin PBXGroup section */
		581D73FCD48010D1704CA1F5 /* Frameworks */ = {
			isa = PBXGroup;
			children = (
				53D54218B195606EE4B1A35E /* Pods_KodeTest.framework */,
			);
			name = Frameworks;
			sourceTree = "<group>";
		};
		67CF8E9E834CE0588BD5B2A8 /* Pods */ = {
			isa = PBXGroup;
			children = (
				E72A9DD45A28160C41FF41A1 /* Pods-KodeTest.debug.xcconfig */,
				9C7603235ED2F0B01C1EC17D /* Pods-KodeTest.release.xcconfig */,
			);
			path = Pods;
			sourceTree = "<group>";
		};
		EE538BF9253B2482009E534B /* WeatherCell */ = {
			isa = PBXGroup;
			children = (
				EE538BF5253B247B009E534B /* WeatherCollectionViewCell.swift */,
				EE538BF6253B247B009E534B /* WeatherCollectionViewCell.xib */,
				EE538C02253B6FA1009E534B /* WeatherCellViewModel.swift */,
			);
			path = WeatherCell;
			sourceTree = "<group>";
		};
		EE538BFC253B2B06009E534B /* Footers */ = {
			isa = PBXGroup;
			children = (
				EE72720E2539B39E00656AF3 /* SearchFeatherFooter.swift */,
				EE538BFD253B2B21009E534B /* WeatherCollectionFooter.swift */,
			);
			path = Footers;
			sourceTree = "<group>";
		};
		EE538BFF253B3B07009E534B /* Extensions */ = {
			isa = PBXGroup;
			children = (
				EE538BFA253B2916009E534B /* Extension + Date.swift */,
				EE72720A25396DFE00656AF3 /* Extension + String.swift */,
				EE538C27253F714A009E534B /* Extension + UIButton.swift */,
				EE538C29253F71C1009E534B /* Extension + UILabel.swift */,
				EE538C332540C88F009E534B /* Extension + UIViewController.swift */,
				EE538C1F253E2FF2009E534B /* Extension + UIImageView.swift */,
				EE538C23253F3C4D009E534B /* UIKit */,
			);
			path = Extensions;
			sourceTree = "<group>";
		};
		EE538C04253D62ED009E534B /* Cells */ = {
			isa = PBXGroup;
			children = (
				EE7272102539BD2800656AF3 /* SearchCityCell.swift */,
				EE538BF9253B2482009E534B /* WeatherCell */,
				EE538C09253D630A009E534B /* AttractionCell */,
			);
			path = Cells;
			sourceTree = "<group>";
		};
		EE538C09253D630A009E534B /* AttractionCell */ = {
			isa = PBXGroup;
			children = (
				EE538C05253D62FE009E534B /* AttrectionViewCell.swift */,
				EE538C06253D62FE009E534B /* AttrectionViewCellIB.xib */,
				EE538C1B253E2B5F009E534B /* AttrectionCellViewModel.swift */,
			);
			path = AttractionCell;
			sourceTree = "<group>";
		};
		EE538C0C253D6C0A009E534B /* StorageManager */ = {
			isa = PBXGroup;
			children = (
				EE538C0A253D68F5009E534B /* StorageManager.swift */,
				EE538C0D253D6C30009E534B /* CityAttraction.xcdatamodeld */,
			);
			path = StorageManager;
			sourceTree = "<group>";
		};
		EE538C18253E24AC009E534B /* AttractionsList */ = {
			isa = PBXGroup;
			children = (
				EE538C16253E24A5009E534B /* AttractionsListViewController.swift */,
				EE538C19253E24D7009E534B /* ShowAttractivesViewModel.swift */,
			);
			path = AttractionsList;
			sourceTree = "<group>";
		};
		EE538C23253F3C4D009E534B /* UIKit */ = {
			isa = PBXGroup;
			children = (
				EE538C21253F3C43009E534B /* GradientView.swift */,
			);
			path = UIKit;
			sourceTree = "<group>";
		};
		EE538C26253F6A3B009E534B /* ShowAttraction */ = {
			isa = PBXGroup;
			children = (
				EE538C24253F6A35009E534B /* ShowAttractionViewController.swift */,
				EE538C2B25401D41009E534B /* ShowAttractionViewModel.swift */,
			);
			path = ShowAttraction;
			sourceTree = "<group>";
		};
		EE7271E02538D77300656AF3 = {
			isa = PBXGroup;
			children = (
				EE7271EB2538D77300656AF3 /* KodeTest */,
				EE7271EA2538D77300656AF3 /* Products */,
				67CF8E9E834CE0588BD5B2A8 /* Pods */,
				581D73FCD48010D1704CA1F5 /* Frameworks */,
			);
			sourceTree = "<group>";
		};
		EE7271EA2538D77300656AF3 /* Products */ = {
			isa = PBXGroup;
			children = (
				EE7271E92538D77300656AF3 /* KodeTest.app */,
			);
			name = Products;
			sourceTree = "<group>";
		};
		EE7271EB2538D77300656AF3 /* KodeTest */ = {
			isa = PBXGroup;
			children = (
				EE7271EC2538D77300656AF3 /* AppDelegate.swift */,
				EE7271EE2538D77300656AF3 /* SceneDelegate.swift */,
				EE7272192539F4F100656AF3 /* Controllers */,
				EE7271F22538D77300656AF3 /* Main.storyboard */,
				EE7271F52538D77500656AF3 /* Assets.xcassets */,
				EE7271F72538D77500656AF3 /* LaunchScreen.storyboard */,
				EE7271FA2538D77500656AF3 /* Info.plist */,
				EE7272052538F5CA00656AF3 /* Service */,
				EE7272142539D95C00656AF3 /* Models */,
				EE72720C2539A80900656AF3 /* Boxing.swift */,
				EE538BFC253B2B06009E534B /* Footers */,
				EE538C04253D62ED009E534B /* Cells */,
				EE7272172539F40000656AF3 /* Enums.swift */,
				EE538BFF253B3B07009E534B /* Extensions */,
			);
			path = KodeTest;
			sourceTree = "<group>";
		};
		EE7272002538ECDD00656AF3 /* SerachViewController */ = {
			isa = PBXGroup;
			children = (
				EE7271F02538D77300656AF3 /* ViewController.swift */,
				EE7272012538ED1400656AF3 /* SearchViewModel.swift */,
			);
			path = SerachViewController;
			sourceTree = "<group>";
		};
		EE7272052538F5CA00656AF3 /* Service */ = {
			isa = PBXGroup;
			children = (
				EE7272032538EE4400656AF3 /* NetworkService.swift */,
				EE7272062538F5FC00656AF3 /* NetworkDataFetcher.swift */,
				EE538C1D253E2FAA009E534B /* ImageService.swift */,
				EE7272122539C54600656AF3 /* DataManager.swift */,
				EE538C00253B5049009E534B /* DateManager.swift */,
				EE538C0C253D6C0A009E534B /* StorageManager */,
			);
			path = Service;
			sourceTree = "<group>";
		};
		EE7272142539D95C00656AF3 /* Models */ = {
			isa = PBXGroup;
			children = (
				EE7272082538F6BC00656AF3 /* Predictions.swift */,
				EE7272152539D98900656AF3 /* CityCoordinates.swift */,
				EE72721F253A04DF00656AF3 /* MapLocation.swift */,
				EE727221253A213800656AF3 /* WeatherModel.swift */,
				EE538C12253D971C009E534B /* Attractive.swift */,
				EE538C352541637F009E534B /* AttractiveForSave.swift */,
			);
			path = Models;
			sourceTree = "<group>";
		};
		EE7272192539F4F100656AF3 /* Controllers */ = {
			isa = PBXGroup;
			children = (
				EE7272002538ECDD00656AF3 /* SerachViewController */,
				EE72721C2539F59F00656AF3 /* ShowWeatherInCityViewController */,
				EE538C18253E24AC009E534B /* AttractionsList */,
				EE538C26253F6A3B009E534B /* ShowAttraction */,
				EE538C2F2540B78E009E534B /* AttractionInMapViewController.swift */,
				EE538C312540C3E4009E534B /* ShowDescriptionViewController.swift */,
			);
			path = Controllers;
			sourceTree = "<group>";
		};
		EE72721C2539F59F00656AF3 /* ShowWeatherInCityViewController */ = {
			isa = PBXGroup;
			children = (
				EE72721A2539F51300656AF3 /* ShowWeatherInCityViewController.swift */,
				EE72721D2539F5C000656AF3 /* ShowWeatherInCityViewModel.swift */,
			);
			path = ShowWeatherInCityViewController;
			sourceTree = "<group>";
		};
/* End PBXGroup section */

/* Begin PBXNativeTarget section */
		EE7271E82538D77300656AF3 /* KodeTest */ = {
			isa = PBXNativeTarget;
			buildConfigurationList = EE7271FD2538D77500656AF3 /* Build configuration list for PBXNativeTarget "KodeTest" */;
			buildPhases = (
				5865CB39EF946E59FC04C812 /* [CP] Check Pods Manifest.lock */,
				EE7271E52538D77300656AF3 /* Sources */,
				EE7271E62538D77300656AF3 /* Frameworks */,
				EE7271E72538D77300656AF3 /* Resources */,
				8D5B9A8EEE044E8FE87F3421 /* [CP] Embed Pods Frameworks */,
			);
			buildRules = (
			);
			dependencies = (
			);
			name = KodeTest;
			productName = KodeTest;
			productReference = EE7271E92538D77300656AF3 /* KodeTest.app */;
			productType = "com.apple.product-type.application";
		};
/* End PBXNativeTarget section */

/* Begin PBXProject section */
		EE7271E12538D77300656AF3 /* Project object */ = {
			isa = PBXProject;
			attributes = {
				LastSwiftUpdateCheck = 1160;
				LastUpgradeCheck = 1160;
				ORGANIZATIONNAME = "Кирилл Крамар";
				TargetAttributes = {
					EE7271E82538D77300656AF3 = {
						CreatedOnToolsVersion = 11.6;
					};
				};
			};
			buildConfigurationList = EE7271E42538D77300656AF3 /* Build configuration list for PBXProject "KodeTest" */;
			compatibilityVersion = "Xcode 9.3";
			developmentRegion = en;
			hasScannedForEncodings = 0;
			knownRegions = (
				en,
				Base,
			);
			mainGroup = EE7271E02538D77300656AF3;
			productRefGroup = EE7271EA2538D77300656AF3 /* Products */;
			projectDirPath = "";
			projectRoot = "";
			targets = (
				EE7271E82538D77300656AF3 /* KodeTest */,
			);
		};
/* End PBXProject section */

/* Begin PBXResourcesBuildPhase section */
		EE7271E72538D77300656AF3 /* Resources */ = {
			isa = PBXResourcesBuildPhase;
			buildActionMask = 2147483647;
			files = (
				EE7271F92538D77500656AF3 /* LaunchScreen.storyboard in Resources */,
				EE538BF8253B247B009E534B /* WeatherCollectionViewCell.xib in Resources */,
				EE7271F62538D77500656AF3 /* Assets.xcassets in Resources */,
				EE7271F42538D77300656AF3 /* Main.storyboard in Resources */,
				EE538C08253D62FE009E534B /* AttrectionViewCellIB.xib in Resources */,
			);
			runOnlyForDeploymentPostprocessing = 0;
		};
/* End PBXResourcesBuildPhase section */

/* Begin PBXShellScriptBuildPhase section */
		5865CB39EF946E59FC04C812 /* [CP] Check Pods Manifest.lock */ = {
			isa = PBXShellScriptBuildPhase;
			buildActionMask = 2147483647;
			files = (
			);
			inputFileListPaths = (
			);
			inputPaths = (
				"${PODS_PODFILE_DIR_PATH}/Podfile.lock",
				"${PODS_ROOT}/Manifest.lock",
			);
			name = "[CP] Check Pods Manifest.lock";
			outputFileListPaths = (
			);
			outputPaths = (
				"$(DERIVED_FILE_DIR)/Pods-KodeTest-checkManifestLockResult.txt",
			);
			runOnlyForDeploymentPostprocessing = 0;
			shellPath = /bin/sh;
			shellScript = "diff \"${PODS_PODFILE_DIR_PATH}/Podfile.lock\" \"${PODS_ROOT}/Manifest.lock\" > /dev/null\nif [ $? != 0 ] ; then\n    # print error to STDERR\n    echo \"error: The sandbox is not in sync with the Podfile.lock. Run 'pod install' or update your CocoaPods installation.\" >&2\n    exit 1\nfi\n# This output is used by Xcode 'outputs' to avoid re-running this script phase.\necho \"SUCCESS\" > \"${SCRIPT_OUTPUT_FILE_0}\"\n";
			showEnvVarsInLog = 0;
		};
		8D5B9A8EEE044E8FE87F3421 /* [CP] Embed Pods Frameworks */ = {
			isa = PBXShellScriptBuildPhase;
			buildActionMask = 2147483647;
			files = (
			);
			inputFileListPaths = (
				"${PODS_ROOT}/Target Support Files/Pods-KodeTest/Pods-KodeTest-frameworks-${CONFIGURATION}-input-files.xcfilelist",
			);
			name = "[CP] Embed Pods Frameworks";
			outputFileListPaths = (
				"${PODS_ROOT}/Target Support Files/Pods-KodeTest/Pods-KodeTest-frameworks-${CONFIGURATION}-output-files.xcfilelist",
			);
			runOnlyForDeploymentPostprocessing = 0;
			shellPath = /bin/sh;
			shellScript = "\"${PODS_ROOT}/Target Support Files/Pods-KodeTest/Pods-KodeTest-frameworks.sh\"\n";
			showEnvVarsInLog = 0;
		};
/* End PBXShellScriptBuildPhase section */

/* Begin PBXSourcesBuildPhase section */
		EE7271E52538D77300656AF3 /* Sources */ = {
			isa = PBXSourcesBuildPhase;
			buildActionMask = 2147483647;
			files = (
				EE538C0B253D68F5009E534B /* StorageManager.swift in Sources */,
				EE538C1E253E2FAA009E534B /* ImageService.swift in Sources */,
				EE72721E2539F5C000656AF3 /* ShowWeatherInCityViewModel.swift in Sources */,
				EE538C1C253E2B5F009E534B /* AttrectionCellViewModel.swift in Sources */,
				EE538C13253D971C009E534B /* Attractive.swift in Sources */,
				EE7272072538F5FC00656AF3 /* NetworkDataFetcher.swift in Sources */,
				EE538C2A253F71C1009E534B /* Extension + UILabel.swift in Sources */,
				EE538C362541637F009E534B /* AttractiveForSave.swift in Sources */,
				EE538C07253D62FE009E534B /* AttrectionViewCell.swift in Sources */,
				EE7272132539C54600656AF3 /* DataManager.swift in Sources */,
				EE538C0F253D6C30009E534B /* CityAttraction.xcdatamodeld in Sources */,
				EE538C03253B6FA1009E534B /* WeatherCellViewModel.swift in Sources */,
				EE538C1A253E24D7009E534B /* ShowAttractivesViewModel.swift in Sources */,
				EE72721B2539F51300656AF3 /* ShowWeatherInCityViewController.swift in Sources */,
				EE727222253A213800656AF3 /* WeatherModel.swift in Sources */,
				EE538BF7253B247B009E534B /* WeatherCollectionViewCell.swift in Sources */,
				EE538C20253E2FF2009E534B /* Extension + UIImageView.swift in Sources */,
				EE7272042538EE4500656AF3 /* NetworkService.swift in Sources */,
				EE538C01253B5049009E534B /* DateManager.swift in Sources */,
				EE72720B25396DFE00656AF3 /* Extension + String.swift in Sources */,
				EE538C302540B78E009E534B /* AttractionInMapViewController.swift in Sources */,
				EE538C17253E24A5009E534B /* AttractionsListViewController.swift in Sources */,
				EE538C28253F714A009E534B /* Extension + UIButton.swift in Sources */,
				EE7272182539F40000656AF3 /* Enums.swift in Sources */,
				EE538BFE253B2B21009E534B /* WeatherCollectionFooter.swift in Sources */,
				EE538C25253F6A35009E534B /* ShowAttractionViewController.swift in Sources */,
				EE538C22253F3C43009E534B /* GradientView.swift in Sources */,
				EE727220253A04DF00656AF3 /* MapLocation.swift in Sources */,
				EE7271F12538D77300656AF3 /* ViewController.swift in Sources */,
				EE538C2C25401D41009E534B /* ShowAttractionViewModel.swift in Sources */,
				EE7271ED2538D77300656AF3 /* AppDelegate.swift in Sources */,
				EE72720D2539A80900656AF3 /* Boxing.swift in Sources */,
				EE538C322540C3E4009E534B /* ShowDescriptionViewController.swift in Sources */,
				EE72720F2539B39E00656AF3 /* SearchFeatherFooter.swift in Sources */,
				EE7272162539D98900656AF3 /* CityCoordinates.swift in Sources */,
				EE538C342540C88F009E534B /* Extension + UIViewController.swift in Sources */,
				EE538BFB253B2916009E534B /* Extension + Date.swift in Sources */,
				EE7272112539BD2800656AF3 /* SearchCityCell.swift in Sources */,
				EE7272022538ED1400656AF3 /* SearchViewModel.swift in Sources */,
				EE7271EF2538D77300656AF3 /* SceneDelegate.swift in Sources */,
				EE7272092538F6BC00656AF3 /* Predictions.swift in Sources */,
			);
			runOnlyForDeploymentPostprocessing = 0;
		};
/* End PBXSourcesBuildPhase section */

/* Begin PBXVariantGroup section */
		EE7271F22538D77300656AF3 /* Main.storyboard */ = {
			isa = PBXVariantGroup;
			children = (
				EE7271F32538D77300656AF3 /* Base */,
			);
			name = Main.storyboard;
			sourceTree = "<group>";
		};
		EE7271F72538D77500656AF3 /* LaunchScreen.storyboard */ = {
			isa = PBXVariantGroup;
			children = (
				EE7271F82538D77500656AF3 /* Base */,
			);
			name = LaunchScreen.storyboard;
			sourceTree = "<group>";
		};
/* End PBXVariantGroup section */

/* Begin XCBuildConfiguration section */
		EE7271FB2538D77500656AF3 /* Debug */ = {
			isa = XCBuildConfiguration;
			buildSettings = {
				ALWAYS_SEARCH_USER_PATHS = NO;
				CLANG_ANALYZER_NONNULL = YES;
				CLANG_ANALYZER_NUMBER_OBJECT_CONVERSION = YES_AGGRESSIVE;
				CLANG_CXX_LANGUAGE_STANDARD = "gnu++14";
				CLANG_CXX_LIBRARY = "libc++";
				CLANG_ENABLE_MODULES = YES;
				CLANG_ENABLE_OBJC_ARC = YES;
				CLANG_ENABLE_OBJC_WEAK = YES;
				CLANG_WARN_BLOCK_CAPTURE_AUTORELEASING = YES;
				CLANG_WARN_BOOL_CONVERSION = YES;
				CLANG_WARN_COMMA = YES;
				CLANG_WARN_CONSTANT_CONVERSION = YES;
				CLANG_WARN_DEPRECATED_OBJC_IMPLEMENTATIONS = YES;
				CLANG_WARN_DIRECT_OBJC_ISA_USAGE = YES_ERROR;
				CLANG_WARN_DOCUMENTATION_COMMENTS = YES;
				CLANG_WARN_EMPTY_BODY = YES;
				CLANG_WARN_ENUM_CONVERSION = YES;
				CLANG_WARN_INFINITE_RECURSION = YES;
				CLANG_WARN_INT_CONVERSION = YES;
				CLANG_WARN_NON_LITERAL_NULL_CONVERSION = YES;
				CLANG_WARN_OBJC_IMPLICIT_RETAIN_SELF = YES;
				CLANG_WARN_OBJC_LITERAL_CONVERSION = YES;
				CLANG_WARN_OBJC_ROOT_CLASS = YES_ERROR;
				CLANG_WARN_RANGE_LOOP_ANALYSIS = YES;
				CLANG_WARN_STRICT_PROTOTYPES = YES;
				CLANG_WARN_SUSPICIOUS_MOVE = YES;
				CLANG_WARN_UNGUARDED_AVAILABILITY = YES_AGGRESSIVE;
				CLANG_WARN_UNREACHABLE_CODE = YES;
				CLANG_WARN__DUPLICATE_METHOD_MATCH = YES;
				COPY_PHASE_STRIP = NO;
				DEBUG_INFORMATION_FORMAT = dwarf;
				ENABLE_STRICT_OBJC_MSGSEND = YES;
				ENABLE_TESTABILITY = YES;
				GCC_C_LANGUAGE_STANDARD = gnu11;
				GCC_DYNAMIC_NO_PIC = NO;
				GCC_NO_COMMON_BLOCKS = YES;
				GCC_OPTIMIZATION_LEVEL = 0;
				GCC_PREPROCESSOR_DEFINITIONS = (
					"DEBUG=1",
					"$(inherited)",
				);
				GCC_WARN_64_TO_32_BIT_CONVERSION = YES;
				GCC_WARN_ABOUT_RETURN_TYPE = YES_ERROR;
				GCC_WARN_UNDECLARED_SELECTOR = YES;
				GCC_WARN_UNINITIALIZED_AUTOS = YES_AGGRESSIVE;
				GCC_WARN_UNUSED_FUNCTION = YES;
				GCC_WARN_UNUSED_VARIABLE = YES;
				IPHONEOS_DEPLOYMENT_TARGET = 13.6;
				MTL_ENABLE_DEBUG_INFO = INCLUDE_SOURCE;
				MTL_FAST_MATH = YES;
				ONLY_ACTIVE_ARCH = YES;
				SDKROOT = iphoneos;
				SWIFT_ACTIVE_COMPILATION_CONDITIONS = DEBUG;
				SWIFT_OPTIMIZATION_LEVEL = "-Onone";
			};
			name = Debug;
		};
		EE7271FC2538D77500656AF3 /* Release */ = {
			isa = XCBuildConfiguration;
			buildSettings = {
				ALWAYS_SEARCH_USER_PATHS = NO;
				CLANG_ANALYZER_NONNULL = YES;
				CLANG_ANALYZER_NUMBER_OBJECT_CONVERSION = YES_AGGRESSIVE;
				CLANG_CXX_LANGUAGE_STANDARD = "gnu++14";
				CLANG_CXX_LIBRARY = "libc++";
				CLANG_ENABLE_MODULES = YES;
				CLANG_ENABLE_OBJC_ARC = YES;
				CLANG_ENABLE_OBJC_WEAK = YES;
				CLANG_WARN_BLOCK_CAPTURE_AUTORELEASING = YES;
				CLANG_WARN_BOOL_CONVERSION = YES;
				CLANG_WARN_COMMA = YES;
				CLANG_WARN_CONSTANT_CONVERSION = YES;
				CLANG_WARN_DEPRECATED_OBJC_IMPLEMENTATIONS = YES;
				CLANG_WARN_DIRECT_OBJC_ISA_USAGE = YES_ERROR;
				CLANG_WARN_DOCUMENTATION_COMMENTS = YES;
				CLANG_WARN_EMPTY_BODY = YES;
				CLANG_WARN_ENUM_CONVERSION = YES;
				CLANG_WARN_INFINITE_RECURSION = YES;
				CLANG_WARN_INT_CONVERSION = YES;
				CLANG_WARN_NON_LITERAL_NULL_CONVERSION = YES;
				CLANG_WARN_OBJC_IMPLICIT_RETAIN_SELF = YES;
				CLANG_WARN_OBJC_LITERAL_CONVERSION = YES;
				CLANG_WARN_OBJC_ROOT_CLASS = YES_ERROR;
				CLANG_WARN_RANGE_LOOP_ANALYSIS = YES;
				CLANG_WARN_STRICT_PROTOTYPES = YES;
				CLANG_WARN_SUSPICIOUS_MOVE = YES;
				CLANG_WARN_UNGUARDED_AVAILABILITY = YES_AGGRESSIVE;
				CLANG_WARN_UNREACHABLE_CODE = YES;
				CLANG_WARN__DUPLICATE_METHOD_MATCH = YES;
				COPY_PHASE_STRIP = NO;
				DEBUG_INFORMATION_FORMAT = "dwarf-with-dsym";
				ENABLE_NS_ASSERTIONS = NO;
				ENABLE_STRICT_OBJC_MSGSEND = YES;
				GCC_C_LANGUAGE_STANDARD = gnu11;
				GCC_NO_COMMON_BLOCKS = YES;
				GCC_WARN_64_TO_32_BIT_CONVERSION = YES;
				GCC_WARN_ABOUT_RETURN_TYPE = YES_ERROR;
				GCC_WARN_UNDECLARED_SELECTOR = YES;
				GCC_WARN_UNINITIALIZED_AUTOS = YES_AGGRESSIVE;
				GCC_WARN_UNUSED_FUNCTION = YES;
				GCC_WARN_UNUSED_VARIABLE = YES;
				IPHONEOS_DEPLOYMENT_TARGET = 13.6;
				MTL_ENABLE_DEBUG_INFO = NO;
				MTL_FAST_MATH = YES;
				SDKROOT = iphoneos;
				SWIFT_COMPILATION_MODE = wholemodule;
				SWIFT_OPTIMIZATION_LEVEL = "-O";
				VALIDATE_PRODUCT = YES;
			};
			name = Release;
		};
		EE7271FE2538D77500656AF3 /* Debug */ = {
			isa = XCBuildConfiguration;
			baseConfigurationReference = E72A9DD45A28160C41FF41A1 /* Pods-KodeTest.debug.xcconfig */;
			buildSettings = {
				ASSETCATALOG_COMPILER_APPICON_NAME = AppIcon;
				CODE_SIGN_STYLE = Automatic;
				INFOPLIST_FILE = KodeTest/Info.plist;
				LD_RUNPATH_SEARCH_PATHS = (
					"$(inherited)",
					"@executable_path/Frameworks",
				);
				PRODUCT_BUNDLE_IDENTIFIER = cnecie.KodeTest;
				PRODUCT_NAME = "$(TARGET_NAME)";
				SWIFT_VERSION = 5.0;
				TARGETED_DEVICE_FAMILY = "1,2";
			};
			name = Debug;
		};
		EE7271FF2538D77500656AF3 /* Release */ = {
			isa = XCBuildConfiguration;
			baseConfigurationReference = 9C7603235ED2F0B01C1EC17D /* Pods-KodeTest.release.xcconfig */;
			buildSettings = {
				ASSETCATALOG_COMPILER_APPICON_NAME = AppIcon;
				CODE_SIGN_STYLE = Automatic;
				INFOPLIST_FILE = KodeTest/Info.plist;
				LD_RUNPATH_SEARCH_PATHS = (
					"$(inherited)",
					"@executable_path/Frameworks",
				);
				PRODUCT_BUNDLE_IDENTIFIER = cnecie.KodeTest;
				PRODUCT_NAME = "$(TARGET_NAME)";
				SWIFT_VERSION = 5.0;
				TARGETED_DEVICE_FAMILY = "1,2";
			};
			name = Release;
		};
/* End XCBuildConfiguration section */

/* Begin XCConfigurationList section */
		EE7271E42538D77300656AF3 /* Build configuration list for PBXProject "KodeTest" */ = {
			isa = XCConfigurationList;
			buildConfigurations = (
				EE7271FB2538D77500656AF3 /* Debug */,
				EE7271FC2538D77500656AF3 /* Release */,
			);
			defaultConfigurationIsVisible = 0;
			defaultConfigurationName = Release;
		};
		EE7271FD2538D77500656AF3 /* Build configuration list for PBXNativeTarget "KodeTest" */ = {
			isa = XCConfigurationList;
			buildConfigurations = (
				EE7271FE2538D77500656AF3 /* Debug */,
				EE7271FF2538D77500656AF3 /* Release */,
			);
			defaultConfigurationIsVisible = 0;
			defaultConfigurationName = Release;
		};
/* End XCConfigurationList section */

/* Begin XCVersionGroup section */
		EE538C0D253D6C30009E534B /* CityAttraction.xcdatamodeld */ = {
			isa = XCVersionGroup;
			children = (
				EE7176F32542E5AF00C40090 /* CityAttraction 5.xcdatamodel */,
				EE7176F22542E2E700C40090 /* CityAttraction 4.xcdatamodel */,
				EE538C15253E2213009E534B /* CityAttraction 3.xcdatamodel */,
				EE538C14253E20C5009E534B /* CityAttraction 2.xcdatamodel */,
				EE538C0E253D6C30009E534B /* CityAttraction.xcdatamodel */,
			);
			currentVersion = EE7176F32542E5AF00C40090 /* CityAttraction 5.xcdatamodel */;
			path = CityAttraction.xcdatamodeld;
			sourceTree = "<group>";
			versionGroupType = wrapper.xcdatamodel;
		};
/* End XCVersionGroup section */
	};
	rootObject = EE7271E12538D77300656AF3 /* Project object */;
}
